
Microsoft Visual Studio Solution File, Format Version 12.00
# Visual Studio 2013
VisualStudioVersion = 12.0.30723.0
MinimumVisualStudioVersion = 10.0.40219.1
Project("{FAE04EC0-301F-11D3-BF4B-00C04F79EFBC}") = "AtamaOperatorleri", "AtamaOperatorleri\AtamaOperatorleri.csproj", "{B7DD93EB-4EBC-479D-AA2C-F52191108ACF}"
EndProject
Global
	GlobalSection(SolutionConfigurationPlatforms) = preSolution
		Debug|Any CPU = Debug|Any CPU
		Release|Any CPU = Release|Any CPU
	EndGlobalSection
	GlobalSection(ProjectConfigurationPlatforms) = postSolution
		{B7DD93EB-4EBC-479D-AA2C-F52191108ACF}.Debug|Any CPU.ActiveCfg = Debug|Any CPU
		{B7DD93EB-4EBC-479D-AA2C-F52191108ACF}.Debug|Any CPU.Build.0 = Debug|Any CPU
		{B7DD93EB-4EBC-479D-AA2C-F52191108ACF}.Release|Any CPU.ActiveCfg = Release|Any CPU
		{B7DD93EB-4EBC-479D-AA2C-F52191108ACF}.Release|Any CPU.Build.0 = Release|Any CPU
	EndGlobalSection
	GlobalSection(SolutionProperties) = preSolution
		HideSolutionNode = FALSE
	EndGlobalSection
EndGlobal
