
Microsoft Visual Studio Solution File, Format Version 12.00
# Visual Studio 2013
VisualStudioVersion = 12.0.30723.0
MinimumVisualStudioVersion = 10.0.40219.1
Project("{FAE04EC0-301F-11D3-BF4B-00C04F79EFBC}") = "NamespaceKavrami", "NamespaceKavrami\NamespaceKavrami.csproj", "{F675C19D-665C-4F08-9D12-365F0905EAEF}"
EndProject
Global
	GlobalSection(SolutionConfigurationPlatforms) = preSolution
		Debug|Any CPU = Debug|Any CPU
		Release|Any CPU = Release|Any CPU
	EndGlobalSection
	GlobalSection(ProjectConfigurationPlatforms) = postSolution
		{F675C19D-665C-4F08-9D12-365F0905EAEF}.Debug|Any CPU.ActiveCfg = Debug|Any CPU
		{F675C19D-665C-4F08-9D12-365F0905EAEF}.Debug|Any CPU.Build.0 = Debug|Any CPU
		{F675C19D-665C-4F08-9D12-365F0905EAEF}.Release|Any CPU.ActiveCfg = Release|Any CPU
		{F675C19D-665C-4F08-9D12-365F0905EAEF}.Release|Any CPU.Build.0 = Release|Any CPU
	EndGlobalSection
	GlobalSection(SolutionProperties) = preSolution
		HideSolutionNode = FALSE
	EndGlobalSection
EndGlobal
